
Microsoft Visual Studio Solution File, Format Version 12.00
# Visual Studio 15
VisualStudioVersion = 15.0.27703.2018
MinimumVisualStudioVersion = 10.0.40219.1
Project("{FAE04EC0-301F-11D3-BF4B-00C04F79EFBC}") = "TebbyPoker.Models", "TebbyPoker.Models\TebbyPoker.Models.csproj", "{D491E81C-C019-4D5C-8684-27512E5E4B9A}"
EndProject
Global
	GlobalSection(SolutionConfigurationPlatforms) = preSolution
		Debug|Any CPU = Debug|Any CPU
		Release|Any CPU = Release|Any CPU
	EndGlobalSection
	GlobalSection(ProjectConfigurationPlatforms) = postSolution
		{D491E81C-C019-4D5C-8684-27512E5E4B9A}.Debug|Any CPU.ActiveCfg = Debug|Any CPU
		{D491E81C-C019-4D5C-8684-27512E5E4B9A}.Debug|Any CPU.Build.0 = Debug|Any CPU
		{D491E81C-C019-4D5C-8684-27512E5E4B9A}.Release|Any CPU.ActiveCfg = Release|Any CPU
		{D491E81C-C019-4D5C-8684-27512E5E4B9A}.Release|Any CPU.Build.0 = Release|Any CPU
	EndGlobalSection
	GlobalSection(SolutionProperties) = preSolution
		HideSolutionNode = FALSE
	EndGlobalSection
	GlobalSection(ExtensibilityGlobals) = postSolution
		SolutionGuid = {DDD258CA-F485-4453-95B6-D4627696B080}
	EndGlobalSection
EndGlobal
