
Microsoft Visual Studio Solution File, Format Version 12.00
# Visual Studio 15
VisualStudioVersion = 15.0.27703.2018
MinimumVisualStudioVersion = 10.0.40219.1
Project("{FAE04EC0-301F-11D3-BF4B-00C04F79EFBC}") = "TebbyPoker.Models", "TebbyPoker.Models\TebbyPoker.Models.csproj", "{D491E81C-C019-4D5C-8684-27512E5E4B9A}"
EndProject
Project("{FAE04EC0-301F-11D3-BF4B-00C04F79EFBC}") = "TebbyPoker.Models.UnitTest", "TebbyPoker.Models.UnitTest\TebbyPoker.Models.UnitTest.csproj", "{D09450D6-5900-4649-9D4F-151E63F2C524}"
EndProject
Project("{FAE04EC0-301F-11D3-BF4B-00C04F79EFBC}") = "TebbyPoker.Managers", "TebbyPoker.Managers\TebbyPoker.Managers.csproj", "{C18BE352-A27A-499F-AC03-A1BAB366AAAD}"
EndProject
Project("{FAE04EC0-301F-11D3-BF4B-00C04F79EFBC}") = "TebbyPoker.Managers.UnitTest", "TebbyPoker.Managers.UnitTest\TebbyPoker.Managers.UnitTest.csproj", "{6B69C7DF-98EF-472C-A266-94AA7847EC40}"
EndProject
Project("{FAE04EC0-301F-11D3-BF4B-00C04F79EFBC}") = "TebbyPoker.Web", "TebbyPoker.Web\TebbyPoker.Web.csproj", "{8A40BD3F-3F44-4AE0-9C43-FB1CC0D77A56}"
EndProject
Project("{FAE04EC0-301F-11D3-BF4B-00C04F79EFBC}") = "TebbyPoker.Web.UnitTest", "TebbyPoker.Web.UnitTest\TebbyPoker.Web.UnitTest.csproj", "{5BAF1CA7-DA36-4728-86EC-0BC642F01F94}"
EndProject
Project("{FAE04EC0-301F-11D3-BF4B-00C04F79EFBC}") = "TebbyPoker.Managers.Contracts", "TebbyPoker.Managers.Contracts\TebbyPoker.Managers.Contracts.csproj", "{38A64DFE-1196-47B9-9F04-5DC451C7B128}"
EndProject
Project("{FAE04EC0-301F-11D3-BF4B-00C04F79EFBC}") = "TebbyPoker.GameEngine", "TebbyPoker.GameEngine\TebbyPoker.GameEngine.csproj", "{8CDDF358-8334-419D-BED8-53962FCDB235}"
EndProject
Project("{FAE04EC0-301F-11D3-BF4B-00C04F79EFBC}") = "TebbyPoker.GameEngine.Contracts", "TebbyPoker.GameEngine.Contracts\TebbyPoker.GameEngine.Contracts.csproj", "{71C97627-7FB6-489C-A67B-C042FCCDAA8A}"
EndProject
Global
	GlobalSection(SolutionConfigurationPlatforms) = preSolution
		Debug|Any CPU = Debug|Any CPU
		Release|Any CPU = Release|Any CPU
	EndGlobalSection
	GlobalSection(ProjectConfigurationPlatforms) = postSolution
		{D491E81C-C019-4D5C-8684-27512E5E4B9A}.Debug|Any CPU.ActiveCfg = Debug|Any CPU
		{D491E81C-C019-4D5C-8684-27512E5E4B9A}.Debug|Any CPU.Build.0 = Debug|Any CPU
		{D491E81C-C019-4D5C-8684-27512E5E4B9A}.Release|Any CPU.ActiveCfg = Release|Any CPU
		{D491E81C-C019-4D5C-8684-27512E5E4B9A}.Release|Any CPU.Build.0 = Release|Any CPU
		{D09450D6-5900-4649-9D4F-151E63F2C524}.Debug|Any CPU.ActiveCfg = Debug|Any CPU
		{D09450D6-5900-4649-9D4F-151E63F2C524}.Debug|Any CPU.Build.0 = Debug|Any CPU
		{D09450D6-5900-4649-9D4F-151E63F2C524}.Release|Any CPU.ActiveCfg = Release|Any CPU
		{D09450D6-5900-4649-9D4F-151E63F2C524}.Release|Any CPU.Build.0 = Release|Any CPU
		{C18BE352-A27A-499F-AC03-A1BAB366AAAD}.Debug|Any CPU.ActiveCfg = Debug|Any CPU
		{C18BE352-A27A-499F-AC03-A1BAB366AAAD}.Debug|Any CPU.Build.0 = Debug|Any CPU
		{C18BE352-A27A-499F-AC03-A1BAB366AAAD}.Release|Any CPU.ActiveCfg = Release|Any CPU
		{C18BE352-A27A-499F-AC03-A1BAB366AAAD}.Release|Any CPU.Build.0 = Release|Any CPU
		{6B69C7DF-98EF-472C-A266-94AA7847EC40}.Debug|Any CPU.ActiveCfg = Debug|Any CPU
		{6B69C7DF-98EF-472C-A266-94AA7847EC40}.Debug|Any CPU.Build.0 = Debug|Any CPU
		{6B69C7DF-98EF-472C-A266-94AA7847EC40}.Release|Any CPU.ActiveCfg = Release|Any CPU
		{6B69C7DF-98EF-472C-A266-94AA7847EC40}.Release|Any CPU.Build.0 = Release|Any CPU
		{8A40BD3F-3F44-4AE0-9C43-FB1CC0D77A56}.Debug|Any CPU.ActiveCfg = Debug|Any CPU
		{8A40BD3F-3F44-4AE0-9C43-FB1CC0D77A56}.Debug|Any CPU.Build.0 = Debug|Any CPU
		{8A40BD3F-3F44-4AE0-9C43-FB1CC0D77A56}.Release|Any CPU.ActiveCfg = Release|Any CPU
		{8A40BD3F-3F44-4AE0-9C43-FB1CC0D77A56}.Release|Any CPU.Build.0 = Release|Any CPU
		{5BAF1CA7-DA36-4728-86EC-0BC642F01F94}.Debug|Any CPU.ActiveCfg = Debug|Any CPU
		{5BAF1CA7-DA36-4728-86EC-0BC642F01F94}.Debug|Any CPU.Build.0 = Debug|Any CPU
		{5BAF1CA7-DA36-4728-86EC-0BC642F01F94}.Release|Any CPU.ActiveCfg = Release|Any CPU
		{5BAF1CA7-DA36-4728-86EC-0BC642F01F94}.Release|Any CPU.Build.0 = Release|Any CPU
		{38A64DFE-1196-47B9-9F04-5DC451C7B128}.Debug|Any CPU.ActiveCfg = Debug|Any CPU
		{38A64DFE-1196-47B9-9F04-5DC451C7B128}.Debug|Any CPU.Build.0 = Debug|Any CPU
		{38A64DFE-1196-47B9-9F04-5DC451C7B128}.Release|Any CPU.ActiveCfg = Release|Any CPU
		{38A64DFE-1196-47B9-9F04-5DC451C7B128}.Release|Any CPU.Build.0 = Release|Any CPU
		{8CDDF358-8334-419D-BED8-53962FCDB235}.Debug|Any CPU.ActiveCfg = Debug|Any CPU
		{8CDDF358-8334-419D-BED8-53962FCDB235}.Debug|Any CPU.Build.0 = Debug|Any CPU
		{8CDDF358-8334-419D-BED8-53962FCDB235}.Release|Any CPU.ActiveCfg = Release|Any CPU
		{8CDDF358-8334-419D-BED8-53962FCDB235}.Release|Any CPU.Build.0 = Release|Any CPU
		{71C97627-7FB6-489C-A67B-C042FCCDAA8A}.Debug|Any CPU.ActiveCfg = Debug|Any CPU
		{71C97627-7FB6-489C-A67B-C042FCCDAA8A}.Debug|Any CPU.Build.0 = Debug|Any CPU
		{71C97627-7FB6-489C-A67B-C042FCCDAA8A}.Release|Any CPU.ActiveCfg = Release|Any CPU
		{71C97627-7FB6-489C-A67B-C042FCCDAA8A}.Release|Any CPU.Build.0 = Release|Any CPU
	EndGlobalSection
	GlobalSection(SolutionProperties) = preSolution
		HideSolutionNode = FALSE
	EndGlobalSection
	GlobalSection(ExtensibilityGlobals) = postSolution
		SolutionGuid = {DDD258CA-F485-4453-95B6-D4627696B080}
	EndGlobalSection
EndGlobal
